
Microsoft Visual Studio Solution File, Format Version 12.00
# Visual Studio 15
VisualStudioVersion = 15.0.26730.16
MinimumVisualStudioVersion = 10.0.40219.1
Project("{FAE04EC0-301F-11D3-BF4B-00C04F79EFBC}") = "SocialAuthentication", "SocialAuthentication\SocialAuthentication.csproj", "{1ECB7926-90D0-494E-8F83-4BA04CC3FA78}"
EndProject
Global
	GlobalSection(SolutionConfigurationPlatforms) = preSolution
		Debug|Any CPU = Debug|Any CPU
		Release|Any CPU = Release|Any CPU
	EndGlobalSection
	GlobalSection(ProjectConfigurationPlatforms) = postSolution
		{1ECB7926-90D0-494E-8F83-4BA04CC3FA78}.Debug|Any CPU.ActiveCfg = Debug|Any CPU
		{1ECB7926-90D0-494E-8F83-4BA04CC3FA78}.Debug|Any CPU.Build.0 = Debug|Any CPU
		{1ECB7926-90D0-494E-8F83-4BA04CC3FA78}.Release|Any CPU.ActiveCfg = Release|Any CPU
		{1ECB7926-90D0-494E-8F83-4BA04CC3FA78}.Release|Any CPU.Build.0 = Release|Any CPU
	EndGlobalSection
	GlobalSection(SolutionProperties) = preSolution
		HideSolutionNode = FALSE
	EndGlobalSection
	GlobalSection(ExtensibilityGlobals) = postSolution
		SolutionGuid = {B12F1C7D-811E-468B-BC80-A9B903D29982}
	EndGlobalSection
EndGlobal
